// !$*UTF8*$!
{
	archiveVersion = 1;
	classes = {
	};
	objectVersion = 56;
	objects = {

/* Begin PBXBuildFile section */
		D1B978992D534A3500D56330 /* AppDelegate.swift in Sources */ = {isa = PBXBuildFile; fileRef = D1B978982D534A3500D56330 /* AppDelegate.swift */; };
		D1B9789B2D534A3500D56330 /* SceneDelegate.swift in Sources */ = {isa = PBXBuildFile; fileRef = D1B9789A2D534A3500D56330 /* SceneDelegate.swift */; };
		D1B9789D2D534A3500D56330 /* ViewController.swift in Sources */ = {isa = PBXBuildFile; fileRef = D1B9789C2D534A3500D56330 /* ViewController.swift */; };
		D1B978A02D534A3500D56330 /* Main.storyboard in Resources */ = {isa = PBXBuildFile; fileRef = D1B9789E2D534A3500D56330 /* Main.storyboard */; };
		D1B978A32D534A3500D56330 /* ToDo.xcdatamodeld in Sources */ = {isa = PBXBuildFile; fileRef = D1B978A12D534A3500D56330 /* ToDo.xcdatamodeld */; };
		D1B978A52D534A3700D56330 /* Assets.xcassets in Resources */ = {isa = PBXBuildFile; fileRef = D1B978A42D534A3700D56330 /* Assets.xcassets */; };
		D1B978A82D534A3700D56330 /* LaunchScreen.storyboard in Resources */ = {isa = PBXBuildFile; fileRef = D1B978A62D534A3700D56330 /* LaunchScreen.storyboard */; };
		D1B978B32D534A3700D56330 /* ToDoTests.swift in Sources */ = {isa = PBXBuildFile; fileRef = D1B978B22D534A3700D56330 /* ToDoTests.swift */; };
		D1B978BD2D534A3700D56330 /* ToDoUITests.swift in Sources */ = {isa = PBXBuildFile; fileRef = D1B978BC2D534A3700D56330 /* ToDoUITests.swift */; };
		D1B978BF2D534A3700D56330 /* ToDoUITestsLaunchTests.swift in Sources */ = {isa = PBXBuildFile; fileRef = D1B978BE2D534A3700D56330 /* ToDoUITestsLaunchTests.swift */; };
/* End PBXBuildFile section */

/* Begin PBXContainerItemProxy section */
		D1B978AF2D534A3700D56330 /* PBXContainerItemProxy */ = {
			isa = PBXContainerItemProxy;
			containerPortal = D1B9788D2D534A3500D56330 /* Project object */;
			proxyType = 1;
			remoteGlobalIDString = D1B978942D534A3500D56330;
			remoteInfo = ToDo;
		};
		D1B978B92D534A3700D56330 /* PBXContainerItemProxy */ = {
			isa = PBXContainerItemProxy;
			containerPortal = D1B9788D2D534A3500D56330 /* Project object */;
			proxyType = 1;
			remoteGlobalIDString = D1B978942D534A3500D56330;
			remoteInfo = ToDo;
		};
/* End PBXContainerItemProxy section */

/* Begin PBXFileReference section */
		D1B978952D534A3500D56330 /* ToDo.app */ = {isa = PBXFileReference; explicitFileType = wrapper.application; includeInIndex = 0; path = ToDo.app; sourceTree = BUILT_PRODUCTS_DIR; };
		D1B978982D534A3500D56330 /* AppDelegate.swift */ = {isa = PBXFileReference; lastKnownFileType = sourcecode.swift; path = AppDelegate.swift; sourceTree = "<group>"; };
		D1B9789A2D534A3500D56330 /* SceneDelegate.swift */ = {isa = PBXFileReference; lastKnownFileType = sourcecode.swift; path = SceneDelegate.swift; sourceTree = "<group>"; };
		D1B9789C2D534A3500D56330 /* ViewController.swift */ = {isa = PBXFileReference; lastKnownFileType = sourcecode.swift; path = ViewController.swift; sourceTree = "<group>"; };
		D1B9789F2D534A3500D56330 /* Base */ = {isa = PBXFileReference; lastKnownFileType = file.storyboard; name = Base; path = Base.lproj/Main.storyboard; sourceTree = "<group>"; };
		D1B978A22D534A3500D56330 /* ToDo.xcdatamodel */ = {isa = PBXFileReference; lastKnownFileType = wrapper.xcdatamodel; path = ToDo.xcdatamodel; sourceTree = "<group>"; };
		D1B978A42D534A3700D56330 /* Assets.xcassets */ = {isa = PBXFileReference; lastKnownFileType = folder.assetcatalog; path = Assets.xcassets; sourceTree = "<group>"; };
		D1B978A72D534A3700D56330 /* Base */ = {isa = PBXFileReference; lastKnownFileType = file.storyboard; name = Base; path = Base.lproj/LaunchScreen.storyboard; sourceTree = "<group>"; };
		D1B978A92D534A3700D56330 /* Info.plist */ = {isa = PBXFileReference; lastKnownFileType = text.plist.xml; path = Info.plist; sourceTree = "<group>"; };
		D1B978AE2D534A3700D56330 /* ToDoTests.xctest */ = {isa = PBXFileReference; explicitFileType = wrapper.cfbundle; includeInIndex = 0; path = ToDoTests.xctest; sourceTree = BUILT_PRODUCTS_DIR; };
		D1B978B22D534A3700D56330 /* ToDoTests.swift */ = {isa = PBXFileReference; lastKnownFileType = sourcecode.swift; path = ToDoTests.swift; sourceTree = "<group>"; };
		D1B978B82D534A3700D56330 /* ToDoUITests.xctest */ = {isa = PBXFileReference; explicitFileType = wrapper.cfbundle; includeInIndex = 0; path = ToDoUITests.xctest; sourceTree = BUILT_PRODUCTS_DIR; };
		D1B978BC2D534A3700D56330 /* ToDoUITests.swift */ = {isa = PBXFileReference; lastKnownFileType = sourcecode.swift; path = ToDoUITests.swift; sourceTree = "<group>"; };
		D1B978BE2D534A3700D56330 /* ToDoUITestsLaunchTests.swift */ = {isa = PBXFileReference; lastKnownFileType = sourcecode.swift; path = ToDoUITestsLaunchTests.swift; sourceTree = "<group>"; };
/* End PBXFileReference section */

/* Begin PBXFrameworksBuildPhase section */
		D1B978922D534A3500D56330 /* Frameworks */ = {
			isa = PBXFrameworksBuildPhase;
			buildActionMask = 2147483647;
			files = (
			);
			runOnlyForDeploymentPostprocessing = 0;
		};
		D1B978AB2D534A3700D56330 /* Frameworks */ = {
			isa = PBXFrameworksBuildPhase;
			buildActionMask = 2147483647;
			files = (
			);
			runOnlyForDeploymentPostprocessing = 0;
		};
		D1B978B52D534A3700D56330 /* Frameworks */ = {
			isa = PBXFrameworksBuildPhase;
			buildActionMask = 2147483647;
			files = (
			);
			runOnlyForDeploymentPostprocessing = 0;
		};
/* End PBXFrameworksBuildPhase section */

/* Begin PBXGroup section */
		D1B9788C2D534A3500D56330 = {
			isa = PBXGroup;
			children = (
				D1B978972D534A3500D56330 /* ToDo */,
				D1B978B12D534A3700D56330 /* ToDoTests */,
				D1B978BB2D534A3700D56330 /* ToDoUITests */,
				D1B978962D534A3500D56330 /* Products */,
			);
			sourceTree = "<group>";
		};
		D1B978962D534A3500D56330 /* Products */ = {
			isa = PBXGroup;
			children = (
				D1B978952D534A3500D56330 /* ToDo.app */,
				D1B978AE2D534A3700D56330 /* ToDoTests.xctest */,
				D1B978B82D534A3700D56330 /* ToDoUITests.xctest */,
			);
			name = Products;
			sourceTree = "<group>";
		};
		D1B978972D534A3500D56330 /* ToDo */ = {
			isa = PBXGroup;
			children = (
				D1B978982D534A3500D56330 /* AppDelegate.swift */,
				D1B9789A2D534A3500D56330 /* SceneDelegate.swift */,
				D1B9789C2D534A3500D56330 /* ViewController.swift */,
				D1B9789E2D534A3500D56330 /* Main.storyboard */,
				D1B978A42D534A3700D56330 /* Assets.xcassets */,
				D1B978A62D534A3700D56330 /* LaunchScreen.storyboard */,
				D1B978A92D534A3700D56330 /* Info.plist */,
				D1B978A12D534A3500D56330 /* ToDo.xcdatamodeld */,
			);
			path = ToDo;
			sourceTree = "<group>";
		};
		D1B978B12D534A3700D56330 /* ToDoTests */ = {
			isa = PBXGroup;
			children = (
				D1B978B22D534A3700D56330 /* ToDoTests.swift */,
			);
			path = ToDoTests;
			sourceTree = "<group>";
		};
		D1B978BB2D534A3700D56330 /* ToDoUITests */ = {
			isa = PBXGroup;
			children = (
				D1B978BC2D534A3700D56330 /* ToDoUITests.swift */,
				D1B978BE2D534A3700D56330 /* ToDoUITestsLaunchTests.swift */,
			);
			path = ToDoUITests;
			sourceTree = "<group>";
		};
/* End PBXGroup section */

/* Begin PBXNativeTarget section */
		D1B978942D534A3500D56330 /* ToDo */ = {
			isa = PBXNativeTarget;
			buildConfigurationList = D1B978C22D534A3700D56330 /* Build configuration list for PBXNativeTarget "ToDo" */;
			buildPhases = (
				D1B978912D534A3500D56330 /* Sources */,
				D1B978922D534A3500D56330 /* Frameworks */,
				D1B978932D534A3500D56330 /* Resources */,
			);
			buildRules = (
			);
			dependencies = (
			);
			name = ToDo;
			productName = ToDo;
			productReference = D1B978952D534A3500D56330 /* ToDo.app */;
			productType = "com.apple.product-type.application";
		};
		D1B978AD2D534A3700D56330 /* ToDoTests */ = {
			isa = PBXNativeTarget;
			buildConfigurationList = D1B978C52D534A3700D56330 /* Build configuration list for PBXNativeTarget "ToDoTests" */;
			buildPhases = (
				D1B978AA2D534A3700D56330 /* Sources */,
				D1B978AB2D534A3700D56330 /* Frameworks */,
				D1B978AC2D534A3700D56330 /* Resources */,
			);
			buildRules = (
			);
			dependencies = (
				D1B978B02D534A3700D56330 /* PBXTargetDependency */,
			);
			name = ToDoTests;
			productName = ToDoTests;
			productReference = D1B978AE2D534A3700D56330 /* ToDoTests.xctest */;
			productType = "com.apple.product-type.bundle.unit-test";
		};
		D1B978B72D534A3700D56330 /* ToDoUITests */ = {
			isa = PBXNativeTarget;
			buildConfigurationList = D1B978C82D534A3700D56330 /* Build configuration list for PBXNativeTarget "ToDoUITests" */;
			buildPhases = (
				D1B978B42D534A3700D56330 /* Sources */,
				D1B978B52D534A3700D56330 /* Frameworks */,
				D1B978B62D534A3700D56330 /* Resources */,
			);
			buildRules = (
			);
			dependencies = (
				D1B978BA2D534A3700D56330 /* PBXTargetDependency */,
			);
			name = ToDoUITests;
			productName = ToDoUITests;
			productReference = D1B978B82D534A3700D56330 /* ToDoUITests.xctest */;
			productType = "com.apple.product-type.bundle.ui-testing";
		};
/* End PBXNativeTarget section */

/* Begin PBXProject section */
		D1B9788D2D534A3500D56330 /* Project object */ = {
			isa = PBXProject;
			attributes = {
				BuildIndependentTargetsInParallel = 1;
				LastSwiftUpdateCheck = 1520;
				LastUpgradeCheck = 1520;
				TargetAttributes = {
					D1B978942D534A3500D56330 = {
						CreatedOnToolsVersion = 15.2;
					};
					D1B978AD2D534A3700D56330 = {
						CreatedOnToolsVersion = 15.2;
						TestTargetID = D1B978942D534A3500D56330;
					};
					D1B978B72D534A3700D56330 = {
						CreatedOnToolsVersion = 15.2;
						TestTargetID = D1B978942D534A3500D56330;
					};
				};
			};
			buildConfigurationList = D1B978902D534A3500D56330 /* Build configuration list for PBXProject "ToDo" */;
			compatibilityVersion = "Xcode 14.0";
			developmentRegion = en;
			hasScannedForEncodings = 0;
			knownRegions = (
				en,
				Base,
			);
			mainGroup = D1B9788C2D534A3500D56330;
			productRefGroup = D1B978962D534A3500D56330 /* Products */;
			projectDirPath = "";
			projectRoot = "";
			targets = (
				D1B978942D534A3500D56330 /* ToDo */,
				D1B978AD2D534A3700D56330 /* ToDoTests */,
				D1B978B72D534A3700D56330 /* ToDoUITests */,
			);
		};
/* End PBXProject section */

/* Begin PBXResourcesBuildPhase section */
		D1B978932D534A3500D56330 /* Resources */ = {
			isa = PBXResourcesBuildPhase;
			buildActionMask = 2147483647;
			files = (
				D1B978A82D534A3700D56330 /* LaunchScreen.storyboard in Resources */,
				D1B978A52D534A3700D56330 /* Assets.xcassets in Resources */,
				D1B978A02D534A3500D56330 /* Main.storyboard in Resources */,
			);
			runOnlyForDeploymentPostprocessing = 0;
		};
		D1B978AC2D534A3700D56330 /* Resources */ = {
			isa = PBXResourcesBuildPhase;
			buildActionMask = 2147483647;
			files = (
			);
			runOnlyForDeploymentPostprocessing = 0;
		};
		D1B978B62D534A3700D56330 /* Resources */ = {
			isa = PBXResourcesBuildPhase;
			buildActionMask = 2147483647;
			files = (
			);
			runOnlyForDeploymentPostprocessing = 0;
		};
/* End PBXResourcesBuildPhase section */

/* Begin PBXSourcesBuildPhase section */
		D1B978912D534A3500D56330 /* Sources */ = {
			isa = PBXSourcesBuildPhase;
			buildActionMask = 2147483647;
			files = (
				D1B9789D2D534A3500D56330 /* ViewController.swift in Sources */,
				D1B978992D534A3500D56330 /* AppDelegate.swift in Sources */,
				D1B9789B2D534A3500D56330 /* SceneDelegate.swift in Sources */,
				D1B978A32D534A3500D56330 /* ToDo.xcdatamodeld in Sources */,
			);
			runOnlyForDeploymentPostprocessing = 0;
		};
		D1B978AA2D534A3700D56330 /* Sources */ = {
			isa = PBXSourcesBuildPhase;
			buildActionMask = 2147483647;
			files = (
				D1B978B32D534A3700D56330 /* ToDoTests.swift in Sources */,
			);
			runOnlyForDeploymentPostprocessing = 0;
		};
		D1B978B42D534A3700D56330 /* Sources */ = {
			isa = PBXSourcesBuildPhase;
			buildActionMask = 2147483647;
			files = (
				D1B978BF2D534A3700D56330 /* ToDoUITestsLaunchTests.swift in Sources */,
				D1B978BD2D534A3700D56330 /* ToDoUITests.swift in Sources */,
			);
			runOnlyForDeploymentPostprocessing = 0;
		};
/* End PBXSourcesBuildPhase section */

/* Begin PBXTargetDependency section */
		D1B978B02D534A3700D56330 /* PBXTargetDependency */ = {
			isa = PBXTargetDependency;
			target = D1B978942D534A3500D56330 /* ToDo */;
			targetProxy = D1B978AF2D534A3700D56330 /* PBXContainerItemProxy */;
		};
		D1B978BA2D534A3700D56330 /* PBXTargetDependency */ = {
			isa = PBXTargetDependency;
			target = D1B978942D534A3500D56330 /* ToDo */;
			targetProxy = D1B978B92D534A3700D56330 /* PBXContainerItemProxy */;
		};
/* End PBXTargetDependency section */

/* Begin PBXVariantGroup section */
		D1B9789E2D534A3500D56330 /* Main.storyboard */ = {
			isa = PBXVariantGroup;
			children = (
				D1B9789F2D534A3500D56330 /* Base */,
			);
			name = Main.storyboard;
			sourceTree = "<group>";
		};
		D1B978A62D534A3700D56330 /* LaunchScreen.storyboard */ = {
			isa = PBXVariantGroup;
			children = (
				D1B978A72D534A3700D56330 /* Base */,
			);
			name = LaunchScreen.storyboard;
			sourceTree = "<group>";
		};
/* End PBXVariantGroup section */

/* Begin XCBuildConfiguration section */
		D1B978C02D534A3700D56330 /* Debug */ = {
			isa = XCBuildConfiguration;
			buildSettings = {
				ALWAYS_SEARCH_USER_PATHS = NO;
				ASSETCATALOG_COMPILER_GENERATE_SWIFT_ASSET_SYMBOL_EXTENSIONS = YES;
				CLANG_ANALYZER_NONNULL = YES;
				CLANG_ANALYZER_NUMBER_OBJECT_CONVERSION = YES_AGGRESSIVE;
				CLANG_CXX_LANGUAGE_STANDARD = "gnu++20";
				CLANG_ENABLE_MODULES = YES;
				CLANG_ENABLE_OBJC_ARC = YES;
				CLANG_ENABLE_OBJC_WEAK = YES;
				CLANG_WARN_BLOCK_CAPTURE_AUTORELEASING = YES;
				CLANG_WARN_BOOL_CONVERSION = YES;
				CLANG_WARN_COMMA = YES;
				CLANG_WARN_CONSTANT_CONVERSION = YES;
				CLANG_WARN_DEPRECATED_OBJC_IMPLEMENTATIONS = YES;
				CLANG_WARN_DIRECT_OBJC_ISA_USAGE = YES_ERROR;
				CLANG_WARN_DOCUMENTATION_COMMENTS = YES;
				CLANG_WARN_EMPTY_BODY = YES;
				CLANG_WARN_ENUM_CONVERSION = YES;
				CLANG_WARN_INFINITE_RECURSION = YES;
				CLANG_WARN_INT_CONVERSION = YES;
				CLANG_WARN_NON_LITERAL_NULL_CONVERSION = YES;
				CLANG_WARN_OBJC_IMPLICIT_RETAIN_SELF = YES;
				CLANG_WARN_OBJC_LITERAL_CONVERSION = YES;
				CLANG_WARN_OBJC_ROOT_CLASS = YES_ERROR;
				CLANG_WARN_QUOTED_INCLUDE_IN_FRAMEWORK_HEADER = YES;
				CLANG_WARN_RANGE_LOOP_ANALYSIS = YES;
				CLANG_WARN_STRICT_PROTOTYPES = YES;
				CLANG_WARN_SUSPICIOUS_MOVE = YES;
				CLANG_WARN_UNGUARDED_AVAILABILITY = YES_AGGRESSIVE;
				CLANG_WARN_UNREACHABLE_CODE = YES;
				CLANG_WARN__DUPLICATE_METHOD_MATCH = YES;
				COPY_PHASE_STRIP = NO;
				DEBUG_INFORMATION_FORMAT = dwarf;
				ENABLE_STRICT_OBJC_MSGSEND = YES;
				ENABLE_TESTABILITY = YES;
				ENABLE_USER_SCRIPT_SANDBOXING = YES;
				GCC_C_LANGUAGE_STANDARD = gnu17;
				GCC_DYNAMIC_NO_PIC = NO;
				GCC_NO_COMMON_BLOCKS = YES;
				GCC_OPTIMIZATION_LEVEL = 0;
				GCC_PREPROCESSOR_DEFINITIONS = (
					"DEBUG=1",
					"$(inherited)",
				);
				GCC_WARN_64_TO_32_BIT_CONVERSION = YES;
				GCC_WARN_ABOUT_RETURN_TYPE = YES_ERROR;
				GCC_WARN_UNDECLARED_SELECTOR = YES;
				GCC_WARN_UNINITIALIZED_AUTOS = YES_AGGRESSIVE;
				GCC_WARN_UNUSED_FUNCTION = YES;
				GCC_WARN_UNUSED_VARIABLE = YES;
				IPHONEOS_DEPLOYMENT_TARGET = 17.2;
				LOCALIZATION_PREFERS_STRING_CATALOGS = YES;
				MTL_ENABLE_DEBUG_INFO = INCLUDE_SOURCE;
				MTL_FAST_MATH = YES;
				ONLY_ACTIVE_ARCH = YES;
				SDKROOT = iphoneos;
				SWIFT_ACTIVE_COMPILATION_CONDITIONS = "DEBUG $(inherited)";
				SWIFT_OPTIMIZATION_LEVEL = "-Onone";
			};
			name = Debug;
		};
		D1B978C12D534A3700D56330 /* Release */ = {
			isa = XCBuildConfiguration;
			buildSettings = {
				ALWAYS_SEARCH_USER_PATHS = NO;
				ASSETCATALOG_COMPILER_GENERATE_SWIFT_ASSET_SYMBOL_EXTENSIONS = YES;
				CLANG_ANALYZER_NONNULL = YES;
				CLANG_ANALYZER_NUMBER_OBJECT_CONVERSION = YES_AGGRESSIVE;
				CLANG_CXX_LANGUAGE_STANDARD = "gnu++20";
				CLANG_ENABLE_MODULES = YES;
				CLANG_ENABLE_OBJC_ARC = YES;
				CLANG_ENABLE_OBJC_WEAK = YES;
				CLANG_WARN_BLOCK_CAPTURE_AUTORELEASING = YES;
				CLANG_WARN_BOOL_CONVERSION = YES;
				CLANG_WARN_COMMA = YES;
				CLANG_WARN_CONSTANT_CONVERSION = YES;
				CLANG_WARN_DEPRECATED_OBJC_IMPLEMENTATIONS = YES;
				CLANG_WARN_DIRECT_OBJC_ISA_USAGE = YES_ERROR;
				CLANG_WARN_DOCUMENTATION_COMMENTS = YES;
				CLANG_WARN_EMPTY_BODY = YES;
				CLANG_WARN_ENUM_CONVERSION = YES;
				CLANG_WARN_INFINITE_RECURSION = YES;
				CLANG_WARN_INT_CONVERSION = YES;
				CLANG_WARN_NON_LITERAL_NULL_CONVERSION = YES;
				CLANG_WARN_OBJC_IMPLICIT_RETAIN_SELF = YES;
				CLANG_WARN_OBJC_LITERAL_CONVERSION = YES;
				CLANG_WARN_OBJC_ROOT_CLASS = YES_ERROR;
				CLANG_WARN_QUOTED_INCLUDE_IN_FRAMEWORK_HEADER = YES;
				CLANG_WARN_RANGE_LOOP_ANALYSIS = YES;
				CLANG_WARN_STRICT_PROTOTYPES = YES;
				CLANG_WARN_SUSPICIOUS_MOVE = YES;
				CLANG_WARN_UNGUARDED_AVAILABILITY = YES_AGGRESSIVE;
				CLANG_WARN_UNREACHABLE_CODE = YES;
				CLANG_WARN__DUPLICATE_METHOD_MATCH = YES;
				COPY_PHASE_STRIP = NO;
				DEBUG_INFORMATION_FORMAT = "dwarf-with-dsym";
				ENABLE_NS_ASSERTIONS = NO;
				ENABLE_STRICT_OBJC_MSGSEND = YES;
				ENABLE_USER_SCRIPT_SANDBOXING = YES;
				GCC_C_LANGUAGE_STANDARD = gnu17;
				GCC_NO_COMMON_BLOCKS = YES;
				GCC_WARN_64_TO_32_BIT_CONVERSION = YES;
				GCC_WARN_ABOUT_RETURN_TYPE = YES_ERROR;
				GCC_WARN_UNDECLARED_SELECTOR = YES;
				GCC_WARN_UNINITIALIZED_AUTOS = YES_AGGRESSIVE;
				GCC_WARN_UNUSED_FUNCTION = YES;
				GCC_WARN_UNUSED_VARIABLE = YES;
				IPHONEOS_DEPLOYMENT_TARGET = 17.2;
				LOCALIZATION_PREFERS_STRING_CATALOGS = YES;
				MTL_ENABLE_DEBUG_INFO = NO;
				MTL_FAST_MATH = YES;
				SDKROOT = iphoneos;
				SWIFT_COMPILATION_MODE = wholemodule;
				VALIDATE_PRODUCT = YES;
			};
			name = Release;
		};
		D1B978C32D534A3700D56330 /* Debug */ = {
			isa = XCBuildConfiguration;
			buildSettings = {
				ASSETCATALOG_COMPILER_APPICON_NAME = AppIcon;
				ASSETCATALOG_COMPILER_GLOBAL_ACCENT_COLOR_NAME = AccentColor;
				CODE_SIGN_STYLE = Automatic;
				CURRENT_PROJECT_VERSION = 1;
				DEVELOPMENT_TEAM = V2L54H4TB2;
				GENERATE_INFOPLIST_FILE = YES;
				INFOPLIST_FILE = ToDo/Info.plist;
				INFOPLIST_KEY_UIApplicationSupportsIndirectInputEvents = YES;
				INFOPLIST_KEY_UILaunchStoryboardName = LaunchScreen;
				INFOPLIST_KEY_UIMainStoryboardFile = Main;
				INFOPLIST_KEY_UISupportedInterfaceOrientations_iPad = "UIInterfaceOrientationPortrait UIInterfaceOrientationPortraitUpsideDown UIInterfaceOrientationLandscapeLeft UIInterfaceOrientationLandscapeRight";
				INFOPLIST_KEY_UISupportedInterfaceOrientations_iPhone = "UIInterfaceOrientationPortrait UIInterfaceOrientationLandscapeLeft UIInterfaceOrientationLandscapeRight";
				LD_RUNPATH_SEARCH_PATHS = (
					"$(inherited)",
					"@executable_path/Frameworks",
				);
				MARKETING_VERSION = 1.0;
				PRODUCT_BUNDLE_IDENTIFIER = com.kett.ToDo;
				PRODUCT_NAME = "$(TARGET_NAME)";
				SWIFT_EMIT_LOC_STRINGS = YES;
				SWIFT_VERSION = 5.0;
				TARGETED_DEVICE_FAMILY = "1,2";
			};
			name = Debug;
		};
		D1B978C42D534A3700D56330 /* Release */ = {
			isa = XCBuildConfiguration;
			buildSettings = {
				ASSETCATALOG_COMPILER_APPICON_NAME = AppIcon;
				ASSETCATALOG_COMPILER_GLOBAL_ACCENT_COLOR_NAME = AccentColor;
				CODE_SIGN_STYLE = Automatic;
				CURRENT_PROJECT_VERSION = 1;
				DEVELOPMENT_TEAM = V2L54H4TB2;
				GENERATE_INFOPLIST_FILE = YES;
				INFOPLIST_FILE = ToDo/Info.plist;
				INFOPLIST_KEY_UIApplicationSupportsIndirectInputEvents = YES;
				INFOPLIST_KEY_UILaunchStoryboardName = LaunchScreen;
				INFOPLIST_KEY_UIMainStoryboardFile = Main;
				INFOPLIST_KEY_UISupportedInterfaceOrientations_iPad = "UIInterfaceOrientationPortrait UIInterfaceOrientationPortraitUpsideDown UIInterfaceOrientationLandscapeLeft UIInterfaceOrientationLandscapeRight";
				INFOPLIST_KEY_UISupportedInterfaceOrientations_iPhone = "UIInterfaceOrientationPortrait UIInterfaceOrientationLandscapeLeft UIInterfaceOrientationLandscapeRight";
				LD_RUNPATH_SEARCH_PATHS = (
					"$(inherited)",
					"@executable_path/Frameworks",
				);
				MARKETING_VERSION = 1.0;
				PRODUCT_BUNDLE_IDENTIFIER = com.kett.ToDo;
				PRODUCT_NAME = "$(TARGET_NAME)";
				SWIFT_EMIT_LOC_STRINGS = YES;
				SWIFT_VERSION = 5.0;
				TARGETED_DEVICE_FAMILY = "1,2";
			};
			name = Release;
		};
		D1B978C62D534A3700D56330 /* Debug */ = {
			isa = XCBuildConfiguration;
			buildSettings = {
				ALWAYS_EMBED_SWIFT_STANDARD_LIBRARIES = YES;
				BUNDLE_LOADER = "$(TEST_HOST)";
				CODE_SIGN_STYLE = Automatic;
				CURRENT_PROJECT_VERSION = 1;
				DEVELOPMENT_TEAM = V2L54H4TB2;
				GENERATE_INFOPLIST_FILE = YES;
				IPHONEOS_DEPLOYMENT_TARGET = 17.2;
				MARKETING_VERSION = 1.0;
				PRODUCT_BUNDLE_IDENTIFIER = com.kett.ToDoTests;
				PRODUCT_NAME = "$(TARGET_NAME)";
				SWIFT_EMIT_LOC_STRINGS = NO;
				SWIFT_VERSION = 5.0;
				TARGETED_DEVICE_FAMILY = "1,2";
				TEST_HOST = "$(BUILT_PRODUCTS_DIR)/ToDo.app/$(BUNDLE_EXECUTABLE_FOLDER_PATH)/ToDo";
			};
			name = Debug;
		};
		D1B978C72D534A3700D56330 /* Release */ = {
			isa = XCBuildConfiguration;
			buildSettings = {
				ALWAYS_EMBED_SWIFT_STANDARD_LIBRARIES = YES;
				BUNDLE_LOADER = "$(TEST_HOST)";
				CODE_SIGN_STYLE = Automatic;
				CURRENT_PROJECT_VERSION = 1;
				DEVELOPMENT_TEAM = V2L54H4TB2;
				GENERATE_INFOPLIST_FILE = YES;
				IPHONEOS_DEPLOYMENT_TARGET = 17.2;
				MARKETING_VERSION = 1.0;
				PRODUCT_BUNDLE_IDENTIFIER = com.kett.ToDoTests;
				PRODUCT_NAME = "$(TARGET_NAME)";
				SWIFT_EMIT_LOC_STRINGS = NO;
				SWIFT_VERSION = 5.0;
				TARGETED_DEVICE_FAMILY = "1,2";
				TEST_HOST = "$(BUILT_PRODUCTS_DIR)/ToDo.app/$(BUNDLE_EXECUTABLE_FOLDER_PATH)/ToDo";
			};
			name = Release;
		};
		D1B978C92D534A3700D56330 /* Debug */ = {
			isa = XCBuildConfiguration;
			buildSettings = {
				ALWAYS_EMBED_SWIFT_STANDARD_LIBRARIES = YES;
				CODE_SIGN_STYLE = Automatic;
				CURRENT_PROJECT_VERSION = 1;
				DEVELOPMENT_TEAM = V2L54H4TB2;
				GENERATE_INFOPLIST_FILE = YES;
				MARKETING_VERSION = 1.0;
				PRODUCT_BUNDLE_IDENTIFIER = com.kett.ToDoUITests;
				PRODUCT_NAME = "$(TARGET_NAME)";
				SWIFT_EMIT_LOC_STRINGS = NO;
				SWIFT_VERSION = 5.0;
				TARGETED_DEVICE_FAMILY = "1,2";
				TEST_TARGET_NAME = ToDo;
			};
			name = Debug;
		};
		D1B978CA2D534A3700D56330 /* Release */ = {
			isa = XCBuildConfiguration;
			buildSettings = {
				ALWAYS_EMBED_SWIFT_STANDARD_LIBRARIES = YES;
				CODE_SIGN_STYLE = Automatic;
				CURRENT_PROJECT_VERSION = 1;
				DEVELOPMENT_TEAM = V2L54H4TB2;
				GENERATE_INFOPLIST_FILE = YES;
				MARKETING_VERSION = 1.0;
				PRODUCT_BUNDLE_IDENTIFIER = com.kett.ToDoUITests;
				PRODUCT_NAME = "$(TARGET_NAME)";
				SWIFT_EMIT_LOC_STRINGS = NO;
				SWIFT_VERSION = 5.0;
				TARGETED_DEVICE_FAMILY = "1,2";
				TEST_TARGET_NAME = ToDo;
			};
			name = Release;
		};
/* End XCBuildConfiguration section */

/* Begin XCConfigurationList section */
		D1B978902D534A3500D56330 /* Build configuration list for PBXProject "ToDo" */ = {
			isa = XCConfigurationList;
			buildConfigurations = (
				D1B978C02D534A3700D56330 /* Debug */,
				D1B978C12D534A3700D56330 /* Release */,
			);
			defaultConfigurationIsVisible = 0;
			defaultConfigurationName = Release;
		};
		D1B978C22D534A3700D56330 /* Build configuration list for PBXNativeTarget "ToDo" */ = {
			isa = XCConfigurationList;
			buildConfigurations = (
				D1B978C32D534A3700D56330 /* Debug */,
				D1B978C42D534A3700D56330 /* Release */,
			);
			defaultConfigurationIsVisible = 0;
			defaultConfigurationName = Release;
		};
		D1B978C52D534A3700D56330 /* Build configuration list for PBXNativeTarget "ToDoTests" */ = {
			isa = XCConfigurationList;
			buildConfigurations = (
				D1B978C62D534A3700D56330 /* Debug */,
				D1B978C72D534A3700D56330 /* Release */,
			);
			defaultConfigurationIsVisible = 0;
			defaultConfigurationName = Release;
		};
		D1B978C82D534A3700D56330 /* Build configuration list for PBXNativeTarget "ToDoUITests" */ = {
			isa = XCConfigurationList;
			buildConfigurations = (
				D1B978C92D534A3700D56330 /* Debug */,
				D1B978CA2D534A3700D56330 /* Release */,
			);
			defaultConfigurationIsVisible = 0;
			defaultConfigurationName = Release;
		};
/* End XCConfigurationList section */

/* Begin XCVersionGroup section */
		D1B978A12D534A3500D56330 /* ToDo.xcdatamodeld */ = {
			isa = XCVersionGroup;
			children = (
				D1B978A22D534A3500D56330 /* ToDo.xcdatamodel */,
			);
			currentVersion = D1B978A22D534A3500D56330 /* ToDo.xcdatamodel */;
			path = ToDo.xcdatamodeld;
			sourceTree = "<group>";
			versionGroupType = wrapper.xcdatamodel;
		};
/* End XCVersionGroup section */
	};
	rootObject = D1B9788D2D534A3500D56330 /* Project object */;
}
